<?xml version="1.0" encoding="utf-8"?>
<Project ToolsVersion="4.0" xmlns="http://schemas.microsoft.com/developer/msbuild/2003">
  <ItemGroup>
    <Filter Include="Source Files">
      <UniqueIdentifier>{4FC737F1-C7A5-4376-A066-2A32D752A2FF}</UniqueIdentifier>
      <Extensions>cpp;c;cc;cxx;c++;cppm;ixx;def;odl;idl;hpj;bat;asm;asmx</Extensions>
    </Filter>
    <Filter Include="Header Files">
      <UniqueIdentifier>{93995380-89BD-4b04-88EB-625FBE52EBFB}</UniqueIdentifier>
      <Extensions>h;hh;hpp;hxx;h++;hm;inl;inc;ipp;xsd</Extensions>
    </Filter>
    <Filter Include="Resource Files">
      <UniqueIdentifier>{67DA6AB6-F800-4c08-8B7A-83BB121AAD01}</UniqueIdentifier>
      <Extensions>rc;ico;cur;bmp;dlg;rc2;rct;bin;rgs;gif;jpg;jpeg;jpe;resx;tiff;tif;png;wav;mfcribbon-ms</Extensions>
    </Filter>
  </ItemGroup>
  <ItemGroup>
    <ClInclude Include="..\include\Actor.h">
      <Filter>Header Files</Filter>
    </ClInclude>
    <ClInclude Include="..\include\BaseType.h">
      <Filter>Header Files</Filter>
    </ClInclude>
    <ClInclude Include="..\include\Bitmap.h">
      <Filter>Header Files</Filter>
    </ClInclude>
    <ClInclude Include="..\include\Body.h">
      <Filter>Header Files</Filter>
    </ClInclude>
    <ClInclude Include="..\include\ErrorLog.h">
      <Filter>Header Files</Filter>
    </ClInclude>
    <ClInclude Include="..\include\ExtBox.h">
      <Filter>Header Files</Filter>
    </ClInclude>
    <ClInclude Include="..\include\Font.h">
      <Filter>Header Files</Filter>
    </ClInclude>
    <ClInclude Include="..\include\Genesis.h">
      <Filter>Header Files</Filter>
    </ClInclude>
    <ClInclude Include="..\include\GETypes.h">
      <Filter>Header Files</Filter>
    </ClInclude>
    <ClInclude Include="..\include\Matrix33.h">
      <Filter>Header Files</Filter>
    </ClInclude>
    <ClInclude Include="..\include\Motion.h">
      <Filter>Header Files</Filter>
    </ClInclude>
    <ClInclude Include="..\include\Path.h">
      <Filter>Header Files</Filter>
    </ClInclude>
    <ClInclude Include="..\include\PhysicsJoint.h">
      <Filter>Header Files</Filter>
    </ClInclude>
    <ClInclude Include="..\include\PhysicsObject.h">
      <Filter>Header Files</Filter>
    </ClInclude>
    <ClInclude Include="..\include\PhysicsSystem.h">
      <Filter>Header Files</Filter>
    </ClInclude>
    <ClInclude Include="..\include\PixelFormat.h">
      <Filter>Header Files</Filter>
    </ClInclude>
    <ClInclude Include="..\include\Quatern.h">
      <Filter>Header Files</Filter>
    </ClInclude>
    <ClInclude Include="..\include\RAM.h">
      <Filter>Header Files</Filter>
    </ClInclude>
    <ClInclude Include="..\include\Vec3D.h">
      <Filter>Header Files</Filter>
    </ClInclude>
    <ClInclude Include="..\include\VFile.h">
      <Filter>Header Files</Filter>
    </ClInclude>
    <ClInclude Include="..\include\XForm3D.h">
      <Filter>Header Files</Filter>
    </ClInclude>
    <ClInclude Include="..\include\XPlatUtils.h">
      <Filter>Header Files</Filter>
    </ClInclude>
    <ClInclude Include="..\OpenSource\Source\Camera.h">
      <Filter>Header Files</Filter>
    </ClInclude>
    <ClInclude Include="..\OpenSource\Source\CSNetMgr.h">
      <Filter>Header Files</Filter>
    </ClInclude>
    <ClInclude Include="..\OpenSource\Source\List.h">
      <Filter>Header Files</Filter>
    </ClInclude>
    <ClInclude Include="..\OpenSource\Source\NetPlay.h">
      <Filter>Header Files</Filter>
    </ClInclude>
    <ClInclude Include="..\OpenSource\Source\PtrTypes.h">
      <Filter>Header Files</Filter>
    </ClInclude>
    <ClInclude Include="..\OpenSource\Source\Resource.h">
      <Filter>Header Files</Filter>
    </ClInclude>
    <ClInclude Include="..\OpenSource\Source\Sound.h">
      <Filter>Header Files</Filter>
    </ClInclude>
    <ClInclude Include="..\OpenSource\Source\Sound3D.h">
      <Filter>Header Files</Filter>
    </ClInclude>
    <ClInclude Include="..\OpenSource\Source\TClip.h">
      <Filter>Header Files</Filter>
    </ClInclude>
    <ClInclude Include="..\OpenSource\Source\Timer.h">
      <Filter>Header Files</Filter>
    </ClInclude>
    <ClInclude Include="..\OpenSource\Source\TSC.h">
      <Filter>Header Files</Filter>
    </ClInclude>
    <ClInclude Include="..\OpenSource\Source\Actor\Body_private.h">
      <Filter>Header Files</Filter>
    </ClInclude>
    <ClInclude Include="..\OpenSource\Source\Actor\BodyInst.h">
      <Filter>Header Files</Filter>
    </ClInclude>
    <ClInclude Include="..\OpenSource\Source\Actor\Pose.h">
      <Filter>Header Files</Filter>
    </ClInclude>
    <ClInclude Include="..\OpenSource\Source\Actor\Puppet.h">
      <Filter>Header Files</Filter>
    </ClInclude>
    <ClInclude Include="..\OpenSource\Source\Actor\QKFrame.h">
      <Filter>Header Files</Filter>
    </ClInclude>
    <ClInclude Include="..\OpenSource\Source\Actor\StrBlock.h">
      <Filter>Header Files</Filter>
    </ClInclude>
    <ClInclude Include="..\OpenSource\Source\Actor\TKArray.h">
      <Filter>Header Files</Filter>
    </ClInclude>
    <ClInclude Include="..\OpenSource\Source\Actor\TKEvents.h">
      <Filter>Header Files</Filter>
    </ClInclude>
    <ClInclude Include="..\OpenSource\Source\Actor\VKFrame.h">
      <Filter>Header Files</Filter>
    </ClInclude>
    <ClInclude Include="..\OpenSource\Source\Actor\XFArray.h">
      <Filter>Header Files</Filter>
    </ClInclude>
    <ClInclude Include="..\OpenSource\Source\Bitmap\Bitmap__private.h">
      <Filter>Header Files</Filter>
    </ClInclude>
    <ClInclude Include="..\OpenSource\Source\Bitmap\Bitmap_BlitData.h">
      <Filter>Header Files</Filter>
    </ClInclude>
    <ClInclude Include="..\OpenSource\Source\Bitmap\Bitmap_Gamma.h">
      <Filter>Header Files</Filter>
    </ClInclude>
    <ClInclude Include="..\OpenSource\Source\Bitmap\Bitmap_private.h">
      <Filter>Header Files</Filter>
    </ClInclude>
    <ClInclude Include="..\OpenSource\Source\Bitmap\Compression\PalCreate.h">
      <Filter>Header Files</Filter>
    </ClInclude>
    <ClInclude Include="..\OpenSource\Source\Bitmap\Compression\Palettize.h">
      <Filter>Header Files</Filter>
    </ClInclude>
    <ClInclude Include="..\OpenSource\Source\Bitmap\Compression\PalOptimize.h">
      <Filter>Header Files</Filter>
    </ClInclude>
    <ClInclude Include="..\OpenSource\Source\Bitmap\Compression\Utility.h">
      <Filter>Header Files</Filter>
    </ClInclude>
    <ClInclude Include="..\OpenSource\Source\Bitmap\Compression\YUV.h">
      <Filter>Header Files</Filter>
    </ClInclude>
    <ClInclude Include="..\OpenSource\Source\Engine\BitmapList.h">
      <Filter>Header Files</Filter>
    </ClInclude>
    <ClInclude Include="..\OpenSource\Source\Engine\Engine.h">
      <Filter>Header Files</Filter>
    </ClInclude>
    <ClInclude Include="..\OpenSource\Source\Engine\System.h">
      <Filter>Header Files</Filter>
    </ClInclude>
    <ClInclude Include="..\OpenSource\Source\Engine\Drivers\DCommon.h">
      <Filter>Header Files</Filter>
    </ClInclude>
    <ClInclude Include="..\OpenSource\Source\Engine\Logo\Electric.h">
      <Filter>Header Files</Filter>
    </ClInclude>
    <ClInclude Include="..\OpenSource\Source\Entities\Entities.h">
      <Filter>Header Files</Filter>
    </ClInclude>
    <ClInclude Include="..\OpenSource\Source\Font\WgClip.h">
      <Filter>Header Files</Filter>
    </ClInclude>
    <ClInclude Include="..\OpenSource\Source\Math\Box.h">
      <Filter>Header Files</Filter>
    </ClInclude>
    <ClInclude Include="..\OpenSource\Source\Math\crc32.h">
      <Filter>Header Files</Filter>
    </ClInclude>
    <ClInclude Include="..\OpenSource\Source\Support\GEAssert.h">
      <Filter>Header Files</Filter>
    </ClInclude>
    <ClInclude Include="..\OpenSource\Source\Support\Log.h">
      <Filter>Header Files</Filter>
    </ClInclude>
    <ClInclude Include="..\OpenSource\Source\Support\MemPool.h">
      <Filter>Header Files</Filter>
    </ClInclude>
    <ClInclude Include="..\OpenSource\Source\VFile\DirTree.h">
      <Filter>Header Files</Filter>
    </ClInclude>
    <ClInclude Include="..\OpenSource\Source\VFile\FSDisk.h">
      <Filter>Header Files</Filter>
    </ClInclude>
    <ClInclude Include="..\OpenSource\Source\VFile\FSDOS.h">
      <Filter>Header Files</Filter>
    </ClInclude>
    <ClInclude Include="..\OpenSource\Source\VFile\FSMemory.h">
      <Filter>Header Files</Filter>
    </ClInclude>
    <ClInclude Include="..\OpenSource\Source\VFile\FSVFS.h">
      <Filter>Header Files</Filter>
    </ClInclude>
    <ClInclude Include="..\OpenSource\Source\VFile\VFile_private.h">
      <Filter>Header Files</Filter>
    </ClInclude>
    <ClInclude Include="..\OpenSource\Source\World\Fog.h">
      <Filter>Header Files</Filter>
    </ClInclude>
    <ClInclude Include="..\OpenSource\Source\World\Frustum.h">
      <Filter>Header Files</Filter>
    </ClInclude>
    <ClInclude Include="..\OpenSource\Source\World\GBSPFile.h">
      <Filter>Header Files</Filter>
    </ClInclude>
    <ClInclude Include="..\OpenSource\Source\World\Light.h">
      <Filter>Header Files</Filter>
    </ClInclude>
    <ClInclude Include="..\OpenSource\Source\World\Plane.h">
      <Filter>Header Files</Filter>
    </ClInclude>
    <ClInclude Include="..\OpenSource\Source\World\Surface.h">
      <Filter>Header Files</Filter>
    </ClInclude>
    <ClInclude Include="..\OpenSource\Source\World\Trace.h">
      <Filter>Header Files</Filter>
    </ClInclude>
    <ClInclude Include="..\OpenSource\Source\World\User.h">
      <Filter>Header Files</Filter>
    </ClInclude>
    <ClInclude Include="..\OpenSource\Source\World\Vis.h">
      <Filter>Header Files</Filter>
    </ClInclude>
    <ClInclude Include="..\OpenSource\Source\World\WBitmap.h">
      <Filter>Header Files</Filter>
    </ClInclude>
    <ClInclude Include="..\OpenSource\Source\World\World.h">
      <Filter>Header Files</Filter>
    </ClInclude>
  </ItemGroup>
  <ItemGroup>
    <ClCompile Include="..\OpenSource\Source\Camera.c">
      <Filter>Source Files</Filter>
    </ClCompile>
    <ClCompile Include="..\OpenSource\Source\CSNetMgr.c">
      <Filter>Source Files</Filter>
    </ClCompile>
    <ClCompile Include="..\OpenSource\Source\drawbbox.c">
      <Filter>Source Files</Filter>
    </ClCompile>
    <ClCompile Include="..\OpenSource\Source\Ge.c">
      <Filter>Source Files</Filter>
    </ClCompile>
    <ClCompile Include="..\OpenSource\Source\List.c">
      <Filter>Source Files</Filter>
    </ClCompile>
    <ClCompile Include="..\OpenSource\Source\NetPlay.c">
      <Filter>Source Files</Filter>
    </ClCompile>
    <ClCompile Include="..\OpenSource\Source\Sound.c">
      <Filter>Source Files</Filter>
    </ClCompile>
    <ClCompile Include="..\OpenSource\Source\Sound3D.c">
      <Filter>Source Files</Filter>
    </ClCompile>
    <ClCompile Include="..\OpenSource\Source\TClip.c">
      <Filter>Source Files</Filter>
    </ClCompile>
    <ClCompile Include="..\OpenSource\Source\Timer.c">
      <Filter>Source Files</Filter>
    </ClCompile>
    <ClCompile Include="..\OpenSource\Source\TSC.c">
      <Filter>Source Files</Filter>
    </ClCompile>
    <ClCompile Include="..\OpenSource\Source\Actor\Actor.c">
      <Filter>Source Files</Filter>
    </ClCompile>
    <ClCompile Include="..\OpenSource\Source\Actor\Body.c">
      <Filter>Source Files</Filter>
    </ClCompile>
    <ClCompile Include="..\OpenSource\Source\Actor\BodyInst.c">
      <Filter>Source Files</Filter>
    </ClCompile>
    <ClCompile Include="..\OpenSource\Source\Actor\Motion.c">
      <Filter>Source Files</Filter>
    </ClCompile>
    <ClCompile Include="..\OpenSource\Source\Actor\Path.c">
      <Filter>Source Files</Filter>
    </ClCompile>
    <ClCompile Include="..\OpenSource\Source\Actor\Pose.c">
      <Filter>Source Files</Filter>
    </ClCompile>
    <ClCompile Include="..\OpenSource\Source\Actor\Puppet.c">
      <Filter>Source Files</Filter>
    </ClCompile>
    <ClCompile Include="..\OpenSource\Source\Actor\QKFrame.c">
      <Filter>Source Files</Filter>
    </ClCompile>
    <ClCompile Include="..\OpenSource\Source\Actor\StrBlock.c">
      <Filter>Source Files</Filter>
    </ClCompile>
    <ClCompile Include="..\OpenSource\Source\Actor\TKArray.c">
      <Filter>Source Files</Filter>
    </ClCompile>
    <ClCompile Include="..\OpenSource\Source\Actor\TKEvents.c">
      <Filter>Source Files</Filter>
    </ClCompile>
    <ClCompile Include="..\OpenSource\Source\Actor\VKFrame.c">
      <Filter>Source Files</Filter>
    </ClCompile>
    <ClCompile Include="..\OpenSource\Source\Actor\XFArray.c">
      <Filter>Source Files</Filter>
    </ClCompile>
    <ClCompile Include="..\OpenSource\Source\Bitmap\Compression\PalCreate.c">
      <Filter>Source Files</Filter>
    </ClCompile>
    <ClCompile Include="..\OpenSource\Source\Bitmap\Compression\Palettize.c">
      <Filter>Source Files</Filter>
    </ClCompile>
    <ClCompile Include="..\OpenSource\Source\Bitmap\Compression\PalOptimize.c">
      <Filter>Source Files</Filter>
    </ClCompile>
    <ClCompile Include="..\OpenSource\Source\Bitmap\Compression\YUV.c">
      <Filter>Source Files</Filter>
    </ClCompile>
    <ClCompile Include="..\OpenSource\Source\Bitmap\Bitmap.c">
      <Filter>Source Files</Filter>
    </ClCompile>
    <ClCompile Include="..\OpenSource\Source\Bitmap\Bitmap_BlitData.c">
      <Filter>Source Files</Filter>
    </ClCompile>
    <ClCompile Include="..\OpenSource\Source\Bitmap\Bitmap_Gamma.c">
      <Filter>Source Files</Filter>
    </ClCompile>
    <ClCompile Include="..\OpenSource\Source\Bitmap\PixelFormat.c">
      <Filter>Source Files</Filter>
    </ClCompile>
    <ClCompile Include="..\OpenSource\Source\Engine\BitmapList.c">
      <Filter>Source Files</Filter>
    </ClCompile>
    <ClCompile Include="..\OpenSource\Source\Engine\Engine.c">
      <Filter>Source Files</Filter>
    </ClCompile>
    <ClCompile Include="..\OpenSource\Source\Engine\FontBMP.c">
      <Filter>Source Files</Filter>
    </ClCompile>
    <ClCompile Include="..\OpenSource\Source\Engine\Genesis3D.c">
      <Filter>Source Files</Filter>
    </ClCompile>
    <ClCompile Include="..\OpenSource\Source\Engine\System.c">
      <Filter>Source Files</Filter>
    </ClCompile>
    <ClCompile Include="..\OpenSource\Source\Engine\Drivers\Bmp.c">
      <Filter>Source Files</Filter>
    </ClCompile>
    <ClCompile Include="..\OpenSource\Source\Engine\Logo\A_Corona.c">
      <Filter>Source Files</Filter>
    </ClCompile>
    <ClCompile Include="..\OpenSource\Source\Engine\Logo\A_Streak.c">
      <Filter>Source Files</Filter>
    </ClCompile>
    <ClCompile Include="..\OpenSource\Source\Engine\Logo\Corona.c">
      <Filter>Source Files</Filter>
    </ClCompile>
    <ClCompile Include="..\OpenSource\Source\Engine\Logo\Electric.c">
      <Filter>Source Files</Filter>
    </ClCompile>
    <ClCompile Include="..\OpenSource\Source\Engine\Logo\Logo.c">
      <Filter>Source Files</Filter>
    </ClCompile>
    <ClCompile Include="..\OpenSource\Source\Engine\Logo\LogoActor.c">
      <Filter>Source Files</Filter>
    </ClCompile>
    <ClCompile Include="..\OpenSource\Source\Engine\Logo\PoweredBy.c">
      <Filter>Source Files</Filter>
    </ClCompile>
    <ClCompile Include="..\OpenSource\Source\Engine\Logo\Streak.c">
      <Filter>Source Files</Filter>
    </ClCompile>
    <ClCompile Include="..\OpenSource\Source\Engine\Logo\WebURL.c">
      <Filter>Source Files</Filter>
    </ClCompile>
    <ClCompile Include="..\OpenSource\Source\Entities\Entities.c">
      <Filter>Source Files</Filter>
    </ClCompile>
    <ClCompile Include="..\OpenSource\Source\Font\Font.c">
      <Filter>Source Files</Filter>
    </ClCompile>
    <ClCompile Include="..\OpenSource\Source\Font\WgClip.c">
      <Filter>Source Files</Filter>
    </ClCompile>
    <ClCompile Include="..\OpenSource\Source\Math\Box.c">
      <Filter>Source Files</Filter>
    </ClCompile>
    <ClCompile Include="..\OpenSource\Source\Math\crc32.c">
      <Filter>Source Files</Filter>
    </ClCompile>
    <ClCompile Include="..\OpenSource\Source\Math\ExtBox.c">
      <Filter>Source Files</Filter>
    </ClCompile>
    <ClCompile Include="..\OpenSource\Source\Math\Quatern.c">
      <Filter>Source Files</Filter>
    </ClCompile>
    <ClCompile Include="..\OpenSource\Source\Math\Vec3D.c">
      <Filter>Source Files</Filter>
    </ClCompile>
    <ClCompile Include="..\OpenSource\Source\Math\XForm3D.c">
      <Filter>Source Files</Filter>
    </ClCompile>
    <ClCompile Include="..\OpenSource\Source\Physics\Matrix33.c">
      <Filter>Source Files</Filter>
    </ClCompile>
    <ClCompile Include="..\OpenSource\Source\Physics\PhysicsJoint.c">
      <Filter>Source Files</Filter>
    </ClCompile>
    <ClCompile Include="..\OpenSource\Source\Physics\PhysicsObject.c">
      <Filter>Source Files</Filter>
    </ClCompile>
    <ClCompile Include="..\OpenSource\Source\Physics\PhysicsSystem.c">
      <Filter>Source Files</Filter>
    </ClCompile>
    <ClCompile Include="..\OpenSource\Source\Support\ErrorLog.c">
      <Filter>Source Files</Filter>
    </ClCompile>
    <ClCompile Include="..\OpenSource\Source\Support\GEAssert.c">
      <Filter>Source Files</Filter>
    </ClCompile>
    <ClCompile Include="..\OpenSource\Source\Support\Log.c">
      <Filter>Source Files</Filter>
    </ClCompile>
    <ClCompile Include="..\OpenSource\Source\Support\MemPool.c">
      <Filter>Source Files</Filter>
    </ClCompile>
    <ClCompile Include="..\OpenSource\Source\Support\RAM.c">
      <Filter>Source Files</Filter>
    </ClCompile>
    <ClCompile Include="..\OpenSource\Source\Support\RAMDLL.c">
      <Filter>Source Files</Filter>
    </ClCompile>
    <ClCompile Include="..\OpenSource\Source\Support\XPlatUtils.c">
      <Filter>Source Files</Filter>
    </ClCompile>
    <ClCompile Include="..\OpenSource\Source\VFile\DirTree.c">
      <Filter>Source Files</Filter>
    </ClCompile>
    <ClCompile Include="..\OpenSource\Source\VFile\FSDisk.c">
      <Filter>Source Files</Filter>
    </ClCompile>
    <ClCompile Include="..\OpenSource\Source\VFile\FSDOS.c">
      <Filter>Source Files</Filter>
    </ClCompile>
    <ClCompile Include="..\OpenSource\Source\VFile\FSMemory.c">
      <Filter>Source Files</Filter>
    </ClCompile>
    <ClCompile Include="..\OpenSource\Source\VFile\FSVFS.c">
      <Filter>Source Files</Filter>
    </ClCompile>
    <ClCompile Include="..\OpenSource\Source\VFile\VFile.c">
      <Filter>Source Files</Filter>
    </ClCompile>
    <ClCompile Include="..\OpenSource\Source\World\Fog.c">
      <Filter>Source Files</Filter>
    </ClCompile>
    <ClCompile Include="..\OpenSource\Source\World\Frustum.c">
      <Filter>Source Files</Filter>
    </ClCompile>
    <ClCompile Include="..\OpenSource\Source\World\GBSPFile.c">
      <Filter>Source Files</Filter>
    </ClCompile>
    <ClCompile Include="..\OpenSource\Source\World\Light.c">
      <Filter>Source Files</Filter>
    </ClCompile>
    <ClCompile Include="..\OpenSource\Source\World\Plane.c">
      <Filter>Source Files</Filter>
    </ClCompile>
    <ClCompile Include="..\OpenSource\Source\World\Surface.c">
      <Filter>Source Files</Filter>
    </ClCompile>
    <ClCompile Include="..\OpenSource\Source\World\Trace.c">
      <Filter>Source Files</Filter>
    </ClCompile>
    <ClCompile Include="..\OpenSource\Source\World\User.c">
      <Filter>Source Files</Filter>
    </ClCompile>
    <ClCompile Include="..\OpenSource\Source\World\Vis.c">
      <Filter>Source Files</Filter>
    </ClCompile>
    <ClCompile Include="..\OpenSource\Source\World\WBitmap.c">
      <Filter>Source Files</Filter>
    </ClCompile>
    <ClCompile Include="..\OpenSource\Source\World\World.c">
      <Filter>Source Files</Filter>
    </ClCompile>
  </ItemGroup>
</Project>